
Microsoft Visual Studio Solution File, Format Version 12.00
# Visual Studio Version 17
VisualStudioVersion = 17.2.32630.192
MinimumVisualStudioVersion = 10.0.40219.1
Project("{9A19103F-16F7-4668-BE54-9A1E7A4F7556}") = "R5T.F0129", "R5T.F0129\R5T.F0129.csproj", "{043723EB-3287-4FC6-878B-B1303E10B898}"
EndProject
Project("{2150E333-8FDC-42A3-9474-1A3956D46DE8}") = "_Dependencies", "_Dependencies", "{F1723193-13B3-4B3F-9BCA-4354229C4552}"
EndProject
Project("{9A19103F-16F7-4668-BE54-9A1E7A4F7556}") = "R5T.T0132", "..\..\R5T.T0132\source\R5T.T0132\R5T.T0132.csproj", "{54E0EC9F-ED1A-4F46-9DEC-09B2E97E878B}"
EndProject
Project("{9A19103F-16F7-4668-BE54-9A1E7A4F7556}") = "R5T.T0142", "..\..\R5T.T0142\source\R5T.T0142\R5T.T0142.csproj", "{A7EAFF7E-AA5C-4DC2-BB39-4EBECC5E63AF}"
EndProject
Project("{9A19103F-16F7-4668-BE54-9A1E7A4F7556}") = "R5T.T0143", "..\..\R5T.T0143\source\R5T.T0143\R5T.T0143.csproj", "{A62D344C-28AB-4FAC-92FF-0A1A53278BD2}"
EndProject
Project("{9A19103F-16F7-4668-BE54-9A1E7A4F7556}") = "R5T.T0150", "..\..\R5T.T0150\source\R5T.T0150\R5T.T0150.csproj", "{071EF3B4-369F-4A66-9361-BAE11627409E}"
EndProject
Project("{9A19103F-16F7-4668-BE54-9A1E7A4F7556}") = "R5T.T0151", "..\..\R5T.T0151\source\R5T.T0151\R5T.T0151.csproj", "{A360056F-7039-4B57-9735-04733C980250}"
EndProject
Project("{9A19103F-16F7-4668-BE54-9A1E7A4F7556}") = "R5T.T0172", "..\..\R5T.T0172\source\R5T.T0172\R5T.T0172.csproj", "{7476A33F-D0E2-459E-877F-E2E1575AECE5}"
EndProject
Project("{9A19103F-16F7-4668-BE54-9A1E7A4F7556}") = "R5T.T0178", "..\..\R5T.T0178\source\R5T.T0178\R5T.T0178.csproj", "{9120D8CD-AE77-4D67-89B8-AB7DBB91CC40}"
EndProject
Project("{9A19103F-16F7-4668-BE54-9A1E7A4F7556}") = "R5T.T0179", "..\..\R5T.T0179\source\R5T.T0179\R5T.T0179.csproj", "{29B4C056-CE3A-44FD-BB02-F2DE2D2580D7}"
EndProject
Project("{9A19103F-16F7-4668-BE54-9A1E7A4F7556}") = "R5T.T0180", "..\..\R5T.T0180\source\R5T.T0180\R5T.T0180.csproj", "{0BABF4F2-1471-4E53-830C-6F3A24015AE7}"
EndProject
Project("{9A19103F-16F7-4668-BE54-9A1E7A4F7556}") = "R5T.T0181", "..\..\R5T.T0181\source\R5T.T0181\R5T.T0181.csproj", "{69646FF6-E63F-440D-80B8-046E0A1BC414}"
EndProject
Project("{9A19103F-16F7-4668-BE54-9A1E7A4F7556}") = "R5T.T0185", "..\..\R5T.T0185\source\R5T.T0185\R5T.T0185.csproj", "{9D2C74DC-22D7-4EFC-A1DA-9E873A40A45F}"
EndProject
Project("{9A19103F-16F7-4668-BE54-9A1E7A4F7556}") = "R5T.T0187", "..\..\R5T.T0187\source\R5T.T0187\R5T.T0187.csproj", "{962F2512-68B1-494A-A3DA-30A46495D8E8}"
EndProject
Project("{9A19103F-16F7-4668-BE54-9A1E7A4F7556}") = "R5T.F0000", "..\..\R5T.F0000\source\R5T.F0000\R5T.F0000.csproj", "{68C20952-C557-4577-8947-71D5C4A448F7}"
EndProject
Project("{9A19103F-16F7-4668-BE54-9A1E7A4F7556}") = "R5T.F0002", "..\..\R5T.F0002\source\R5T.F0002\R5T.F0002.csproj", "{7F3E3DF9-CED2-49A7-B9AF-1B231395672F}"
EndProject
Project("{9A19103F-16F7-4668-BE54-9A1E7A4F7556}") = "R5T.F0120", "..\..\R5T.F0120\source\R5T.F0120\R5T.F0120.csproj", "{DE39268B-608A-4F19-99B8-D6E1F9AD269E}"
EndProject
Project("{9A19103F-16F7-4668-BE54-9A1E7A4F7556}") = "R5T.F0124", "..\..\R5T.F0124\source\R5T.F0124\R5T.F0124.csproj", "{E99EEE08-44EA-48DF-A187-7F610A89F4F0}"
EndProject
Project("{9A19103F-16F7-4668-BE54-9A1E7A4F7556}") = "R5T.F0125", "..\..\R5T.F0125\source\R5T.F0125\R5T.F0125.csproj", "{8D6B206A-1375-476D-8777-18A5EBD07FB8}"
EndProject
Project("{9A19103F-16F7-4668-BE54-9A1E7A4F7556}") = "R5T.L0030.T000", "..\..\R5T.L0030\source\R5T.L0030.T000\R5T.L0030.T000.csproj", "{41641166-5376-4447-A84F-D039A6DFA8D8}"
EndProject
Project("{9A19103F-16F7-4668-BE54-9A1E7A4F7556}") = "R5T.L0030", "..\..\R5T.L0030\source\R5T.L0030\R5T.L0030.csproj", "{666AF1C0-0973-4665-8534-39E47ED7981D}"
EndProject
Project("{9A19103F-16F7-4668-BE54-9A1E7A4F7556}") = "R5T.L0034", "..\..\R5T.L0034\source\R5T.L0034\R5T.L0034.csproj", "{28C63F23-B1E8-474B-8BA8-0C1A6ED8D091}"
EndProject
Project("{9A19103F-16F7-4668-BE54-9A1E7A4F7556}") = "R5T.L0035", "..\..\R5T.L0035\source\R5T.L0035\R5T.L0035.csproj", "{EE1FE305-8F14-4147-8C3D-5AF91F90CDCE}"
EndProject
Project("{9A19103F-16F7-4668-BE54-9A1E7A4F7556}") = "R5T.T0131", "..\..\R5T.T0131\source\R5T.T0131\R5T.T0131.csproj", "{1E49E772-B2C9-4365-86F2-5B912FAA0904}"
EndProject
Project("{9A19103F-16F7-4668-BE54-9A1E7A4F7556}") = "R5T.T0156", "..\..\R5T.T0156\source\R5T.T0156\R5T.T0156.csproj", "{654D72CC-50FC-46C2-AF1F-16BBC6584BE1}"
EndProject
Project("{9A19103F-16F7-4668-BE54-9A1E7A4F7556}") = "R5T.T0174", "..\..\R5T.T0174\source\R5T.T0174\R5T.T0174.csproj", "{550FA560-1021-4724-BC12-3D06E6698290}"
EndProject
Project("{9A19103F-16F7-4668-BE54-9A1E7A4F7556}") = "R5T.T0176", "..\..\R5T.T0176\source\R5T.T0176\R5T.T0176.csproj", "{3CBF8A6B-691F-45B4-AA9B-F04BF1F2D020}"
EndProject
Project("{9A19103F-16F7-4668-BE54-9A1E7A4F7556}") = "R5T.T0177", "..\..\R5T.T0177\source\R5T.T0177\R5T.T0177.csproj", "{74902409-D9CE-44E5-B6EF-BEC3D4188E0B}"
EndProject
Project("{9A19103F-16F7-4668-BE54-9A1E7A4F7556}") = "R5T.Y0000", "..\..\R5T.Y0000\source\R5T.Y0000\R5T.Y0000.csproj", "{997C6127-62F0-4119-AAA6-1442C2F249DA}"
EndProject
Project("{9A19103F-16F7-4668-BE54-9A1E7A4F7556}") = "R5T.Z0000", "..\..\R5T.Z0000\source\R5T.Z0000\R5T.Z0000.csproj", "{C4B7DD80-C6F0-44DE-8606-179256ED460E}"
EndProject
Project("{9A19103F-16F7-4668-BE54-9A1E7A4F7556}") = "R5T.F0130", "..\..\R5T.F0130\source\R5T.F0130\R5T.F0130.csproj", "{891D167F-FF61-49C4-94D3-2FD48357AEC3}"
EndProject
Project("{9A19103F-16F7-4668-BE54-9A1E7A4F7556}") = "R5T.Z0044.Z001", "..\..\R5T.Z0044\source\R5T.Z0044.Z001\R5T.Z0044.Z001.csproj", "{2E56D95C-6934-43F0-A7A9-ADE8E3BBE9CF}"
EndProject
Global
	GlobalSection(NestedProjects) = preSolution
		{54E0EC9F-ED1A-4F46-9DEC-09B2E97E878B} = {F1723193-13B3-4B3F-9BCA-4354229C4552}
		{A7EAFF7E-AA5C-4DC2-BB39-4EBECC5E63AF} = {F1723193-13B3-4B3F-9BCA-4354229C4552}
		{A62D344C-28AB-4FAC-92FF-0A1A53278BD2} = {F1723193-13B3-4B3F-9BCA-4354229C4552}
		{071EF3B4-369F-4A66-9361-BAE11627409E} = {F1723193-13B3-4B3F-9BCA-4354229C4552}
		{A360056F-7039-4B57-9735-04733C980250} = {F1723193-13B3-4B3F-9BCA-4354229C4552}
		{7476A33F-D0E2-459E-877F-E2E1575AECE5} = {F1723193-13B3-4B3F-9BCA-4354229C4552}
		{9120D8CD-AE77-4D67-89B8-AB7DBB91CC40} = {F1723193-13B3-4B3F-9BCA-4354229C4552}
		{29B4C056-CE3A-44FD-BB02-F2DE2D2580D7} = {F1723193-13B3-4B3F-9BCA-4354229C4552}
		{0BABF4F2-1471-4E53-830C-6F3A24015AE7} = {F1723193-13B3-4B3F-9BCA-4354229C4552}
		{69646FF6-E63F-440D-80B8-046E0A1BC414} = {F1723193-13B3-4B3F-9BCA-4354229C4552}
		{9D2C74DC-22D7-4EFC-A1DA-9E873A40A45F} = {F1723193-13B3-4B3F-9BCA-4354229C4552}
		{962F2512-68B1-494A-A3DA-30A46495D8E8} = {F1723193-13B3-4B3F-9BCA-4354229C4552}
		{68C20952-C557-4577-8947-71D5C4A448F7} = {F1723193-13B3-4B3F-9BCA-4354229C4552}
		{7F3E3DF9-CED2-49A7-B9AF-1B231395672F} = {F1723193-13B3-4B3F-9BCA-4354229C4552}
		{DE39268B-608A-4F19-99B8-D6E1F9AD269E} = {F1723193-13B3-4B3F-9BCA-4354229C4552}
		{E99EEE08-44EA-48DF-A187-7F610A89F4F0} = {F1723193-13B3-4B3F-9BCA-4354229C4552}
		{8D6B206A-1375-476D-8777-18A5EBD07FB8} = {F1723193-13B3-4B3F-9BCA-4354229C4552}
		{41641166-5376-4447-A84F-D039A6DFA8D8} = {F1723193-13B3-4B3F-9BCA-4354229C4552}
		{666AF1C0-0973-4665-8534-39E47ED7981D} = {F1723193-13B3-4B3F-9BCA-4354229C4552}
		{28C63F23-B1E8-474B-8BA8-0C1A6ED8D091} = {F1723193-13B3-4B3F-9BCA-4354229C4552}
		{EE1FE305-8F14-4147-8C3D-5AF91F90CDCE} = {F1723193-13B3-4B3F-9BCA-4354229C4552}
		{1E49E772-B2C9-4365-86F2-5B912FAA0904} = {F1723193-13B3-4B3F-9BCA-4354229C4552}
		{654D72CC-50FC-46C2-AF1F-16BBC6584BE1} = {F1723193-13B3-4B3F-9BCA-4354229C4552}
		{550FA560-1021-4724-BC12-3D06E6698290} = {F1723193-13B3-4B3F-9BCA-4354229C4552}
		{3CBF8A6B-691F-45B4-AA9B-F04BF1F2D020} = {F1723193-13B3-4B3F-9BCA-4354229C4552}
		{74902409-D9CE-44E5-B6EF-BEC3D4188E0B} = {F1723193-13B3-4B3F-9BCA-4354229C4552}
		{997C6127-62F0-4119-AAA6-1442C2F249DA} = {F1723193-13B3-4B3F-9BCA-4354229C4552}
		{C4B7DD80-C6F0-44DE-8606-179256ED460E} = {F1723193-13B3-4B3F-9BCA-4354229C4552}
		{891D167F-FF61-49C4-94D3-2FD48357AEC3} = {F1723193-13B3-4B3F-9BCA-4354229C4552}
		{2E56D95C-6934-43F0-A7A9-ADE8E3BBE9CF} = {F1723193-13B3-4B3F-9BCA-4354229C4552}
	EndGlobalSection
	GlobalSection(SolutionConfigurationPlatforms) = preSolution
		Debug|Any CPU = Debug|Any CPU
		Release|Any CPU = Release|Any CPU
	EndGlobalSection
	GlobalSection(ProjectConfigurationPlatforms) = postSolution
		{043723EB-3287-4FC6-878B-B1303E10B898}.Debug|Any CPU.ActiveCfg = Debug|Any CPU
		{043723EB-3287-4FC6-878B-B1303E10B898}.Debug|Any CPU.Build.0 = Debug|Any CPU
		{043723EB-3287-4FC6-878B-B1303E10B898}.Release|Any CPU.ActiveCfg = Release|Any CPU
		{043723EB-3287-4FC6-878B-B1303E10B898}.Release|Any CPU.Build.0 = Release|Any CPU
		{54E0EC9F-ED1A-4F46-9DEC-09B2E97E878B}.Debug|Any CPU.ActiveCfg = Debug|Any CPU
		{54E0EC9F-ED1A-4F46-9DEC-09B2E97E878B}.Debug|Any CPU.Build.0 = Debug|Any CPU
		{54E0EC9F-ED1A-4F46-9DEC-09B2E97E878B}.Release|Any CPU.ActiveCfg = Release|Any CPU
		{54E0EC9F-ED1A-4F46-9DEC-09B2E97E878B}.Release|Any CPU.Build.0 = Release|Any CPU
		{A7EAFF7E-AA5C-4DC2-BB39-4EBECC5E63AF}.Debug|Any CPU.ActiveCfg = Debug|Any CPU
		{A7EAFF7E-AA5C-4DC2-BB39-4EBECC5E63AF}.Debug|Any CPU.Build.0 = Debug|Any CPU
		{A7EAFF7E-AA5C-4DC2-BB39-4EBECC5E63AF}.Release|Any CPU.ActiveCfg = Release|Any CPU
		{A7EAFF7E-AA5C-4DC2-BB39-4EBECC5E63AF}.Release|Any CPU.Build.0 = Release|Any CPU
		{A62D344C-28AB-4FAC-92FF-0A1A53278BD2}.Debug|Any CPU.ActiveCfg = Debug|Any CPU
		{A62D344C-28AB-4FAC-92FF-0A1A53278BD2}.Debug|Any CPU.Build.0 = Debug|Any CPU
		{A62D344C-28AB-4FAC-92FF-0A1A53278BD2}.Release|Any CPU.ActiveCfg = Release|Any CPU
		{A62D344C-28AB-4FAC-92FF-0A1A53278BD2}.Release|Any CPU.Build.0 = Release|Any CPU
		{071EF3B4-369F-4A66-9361-BAE11627409E}.Debug|Any CPU.ActiveCfg = Debug|Any CPU
		{071EF3B4-369F-4A66-9361-BAE11627409E}.Debug|Any CPU.Build.0 = Debug|Any CPU
		{071EF3B4-369F-4A66-9361-BAE11627409E}.Release|Any CPU.ActiveCfg = Release|Any CPU
		{071EF3B4-369F-4A66-9361-BAE11627409E}.Release|Any CPU.Build.0 = Release|Any CPU
		{A360056F-7039-4B57-9735-04733C980250}.Debug|Any CPU.ActiveCfg = Debug|Any CPU
		{A360056F-7039-4B57-9735-04733C980250}.Debug|Any CPU.Build.0 = Debug|Any CPU
		{A360056F-7039-4B57-9735-04733C980250}.Release|Any CPU.ActiveCfg = Release|Any CPU
		{A360056F-7039-4B57-9735-04733C980250}.Release|Any CPU.Build.0 = Release|Any CPU
		{7476A33F-D0E2-459E-877F-E2E1575AECE5}.Debug|Any CPU.ActiveCfg = Debug|Any CPU
		{7476A33F-D0E2-459E-877F-E2E1575AECE5}.Debug|Any CPU.Build.0 = Debug|Any CPU
		{7476A33F-D0E2-459E-877F-E2E1575AECE5}.Release|Any CPU.ActiveCfg = Release|Any CPU
		{7476A33F-D0E2-459E-877F-E2E1575AECE5}.Release|Any CPU.Build.0 = Release|Any CPU
		{9120D8CD-AE77-4D67-89B8-AB7DBB91CC40}.Debug|Any CPU.ActiveCfg = Debug|Any CPU
		{9120D8CD-AE77-4D67-89B8-AB7DBB91CC40}.Debug|Any CPU.Build.0 = Debug|Any CPU
		{9120D8CD-AE77-4D67-89B8-AB7DBB91CC40}.Release|Any CPU.ActiveCfg = Release|Any CPU
		{9120D8CD-AE77-4D67-89B8-AB7DBB91CC40}.Release|Any CPU.Build.0 = Release|Any CPU
		{29B4C056-CE3A-44FD-BB02-F2DE2D2580D7}.Debug|Any CPU.ActiveCfg = Debug|Any CPU
		{29B4C056-CE3A-44FD-BB02-F2DE2D2580D7}.Debug|Any CPU.Build.0 = Debug|Any CPU
		{29B4C056-CE3A-44FD-BB02-F2DE2D2580D7}.Release|Any CPU.ActiveCfg = Release|Any CPU
		{29B4C056-CE3A-44FD-BB02-F2DE2D2580D7}.Release|Any CPU.Build.0 = Release|Any CPU
		{0BABF4F2-1471-4E53-830C-6F3A24015AE7}.Debug|Any CPU.ActiveCfg = Debug|Any CPU
		{0BABF4F2-1471-4E53-830C-6F3A24015AE7}.Debug|Any CPU.Build.0 = Debug|Any CPU
		{0BABF4F2-1471-4E53-830C-6F3A24015AE7}.Release|Any CPU.ActiveCfg = Release|Any CPU
		{0BABF4F2-1471-4E53-830C-6F3A24015AE7}.Release|Any CPU.Build.0 = Release|Any CPU
		{69646FF6-E63F-440D-80B8-046E0A1BC414}.Debug|Any CPU.ActiveCfg = Debug|Any CPU
		{69646FF6-E63F-440D-80B8-046E0A1BC414}.Debug|Any CPU.Build.0 = Debug|Any CPU
		{69646FF6-E63F-440D-80B8-046E0A1BC414}.Release|Any CPU.ActiveCfg = Release|Any CPU
		{69646FF6-E63F-440D-80B8-046E0A1BC414}.Release|Any CPU.Build.0 = Release|Any CPU
		{9D2C74DC-22D7-4EFC-A1DA-9E873A40A45F}.Debug|Any CPU.ActiveCfg = Debug|Any CPU
		{9D2C74DC-22D7-4EFC-A1DA-9E873A40A45F}.Debug|Any CPU.Build.0 = Debug|Any CPU
		{9D2C74DC-22D7-4EFC-A1DA-9E873A40A45F}.Release|Any CPU.ActiveCfg = Release|Any CPU
		{9D2C74DC-22D7-4EFC-A1DA-9E873A40A45F}.Release|Any CPU.Build.0 = Release|Any CPU
		{962F2512-68B1-494A-A3DA-30A46495D8E8}.Debug|Any CPU.ActiveCfg = Debug|Any CPU
		{962F2512-68B1-494A-A3DA-30A46495D8E8}.Debug|Any CPU.Build.0 = Debug|Any CPU
		{962F2512-68B1-494A-A3DA-30A46495D8E8}.Release|Any CPU.ActiveCfg = Release|Any CPU
		{962F2512-68B1-494A-A3DA-30A46495D8E8}.Release|Any CPU.Build.0 = Release|Any CPU
		{68C20952-C557-4577-8947-71D5C4A448F7}.Debug|Any CPU.ActiveCfg = Debug|Any CPU
		{68C20952-C557-4577-8947-71D5C4A448F7}.Debug|Any CPU.Build.0 = Debug|Any CPU
		{68C20952-C557-4577-8947-71D5C4A448F7}.Release|Any CPU.ActiveCfg = Release|Any CPU
		{68C20952-C557-4577-8947-71D5C4A448F7}.Release|Any CPU.Build.0 = Release|Any CPU
		{7F3E3DF9-CED2-49A7-B9AF-1B231395672F}.Debug|Any CPU.ActiveCfg = Debug|Any CPU
		{7F3E3DF9-CED2-49A7-B9AF-1B231395672F}.Debug|Any CPU.Build.0 = Debug|Any CPU
		{7F3E3DF9-CED2-49A7-B9AF-1B231395672F}.Release|Any CPU.ActiveCfg = Release|Any CPU
		{7F3E3DF9-CED2-49A7-B9AF-1B231395672F}.Release|Any CPU.Build.0 = Release|Any CPU
		{DE39268B-608A-4F19-99B8-D6E1F9AD269E}.Debug|Any CPU.ActiveCfg = Debug|Any CPU
		{DE39268B-608A-4F19-99B8-D6E1F9AD269E}.Debug|Any CPU.Build.0 = Debug|Any CPU
		{DE39268B-608A-4F19-99B8-D6E1F9AD269E}.Release|Any CPU.ActiveCfg = Release|Any CPU
		{DE39268B-608A-4F19-99B8-D6E1F9AD269E}.Release|Any CPU.Build.0 = Release|Any CPU
		{E99EEE08-44EA-48DF-A187-7F610A89F4F0}.Debug|Any CPU.ActiveCfg = Debug|Any CPU
		{E99EEE08-44EA-48DF-A187-7F610A89F4F0}.Debug|Any CPU.Build.0 = Debug|Any CPU
		{E99EEE08-44EA-48DF-A187-7F610A89F4F0}.Release|Any CPU.ActiveCfg = Release|Any CPU
		{E99EEE08-44EA-48DF-A187-7F610A89F4F0}.Release|Any CPU.Build.0 = Release|Any CPU
		{8D6B206A-1375-476D-8777-18A5EBD07FB8}.Debug|Any CPU.ActiveCfg = Debug|Any CPU
		{8D6B206A-1375-476D-8777-18A5EBD07FB8}.Debug|Any CPU.Build.0 = Debug|Any CPU
		{8D6B206A-1375-476D-8777-18A5EBD07FB8}.Release|Any CPU.ActiveCfg = Release|Any CPU
		{8D6B206A-1375-476D-8777-18A5EBD07FB8}.Release|Any CPU.Build.0 = Release|Any CPU
		{41641166-5376-4447-A84F-D039A6DFA8D8}.Debug|Any CPU.ActiveCfg = Debug|Any CPU
		{41641166-5376-4447-A84F-D039A6DFA8D8}.Debug|Any CPU.Build.0 = Debug|Any CPU
		{41641166-5376-4447-A84F-D039A6DFA8D8}.Release|Any CPU.ActiveCfg = Release|Any CPU
		{41641166-5376-4447-A84F-D039A6DFA8D8}.Release|Any CPU.Build.0 = Release|Any CPU
		{666AF1C0-0973-4665-8534-39E47ED7981D}.Debug|Any CPU.ActiveCfg = Debug|Any CPU
		{666AF1C0-0973-4665-8534-39E47ED7981D}.Debug|Any CPU.Build.0 = Debug|Any CPU
		{666AF1C0-0973-4665-8534-39E47ED7981D}.Release|Any CPU.ActiveCfg = Release|Any CPU
		{666AF1C0-0973-4665-8534-39E47ED7981D}.Release|Any CPU.Build.0 = Release|Any CPU
		{28C63F23-B1E8-474B-8BA8-0C1A6ED8D091}.Debug|Any CPU.ActiveCfg = Debug|Any CPU
		{28C63F23-B1E8-474B-8BA8-0C1A6ED8D091}.Debug|Any CPU.Build.0 = Debug|Any CPU
		{28C63F23-B1E8-474B-8BA8-0C1A6ED8D091}.Release|Any CPU.ActiveCfg = Release|Any CPU
		{28C63F23-B1E8-474B-8BA8-0C1A6ED8D091}.Release|Any CPU.Build.0 = Release|Any CPU
		{EE1FE305-8F14-4147-8C3D-5AF91F90CDCE}.Debug|Any CPU.ActiveCfg = Debug|Any CPU
		{EE1FE305-8F14-4147-8C3D-5AF91F90CDCE}.Debug|Any CPU.Build.0 = Debug|Any CPU
		{EE1FE305-8F14-4147-8C3D-5AF91F90CDCE}.Release|Any CPU.ActiveCfg = Release|Any CPU
		{EE1FE305-8F14-4147-8C3D-5AF91F90CDCE}.Release|Any CPU.Build.0 = Release|Any CPU
		{1E49E772-B2C9-4365-86F2-5B912FAA0904}.Debug|Any CPU.ActiveCfg = Debug|Any CPU
		{1E49E772-B2C9-4365-86F2-5B912FAA0904}.Debug|Any CPU.Build.0 = Debug|Any CPU
		{1E49E772-B2C9-4365-86F2-5B912FAA0904}.Release|Any CPU.ActiveCfg = Release|Any CPU
		{1E49E772-B2C9-4365-86F2-5B912FAA0904}.Release|Any CPU.Build.0 = Release|Any CPU
		{654D72CC-50FC-46C2-AF1F-16BBC6584BE1}.Debug|Any CPU.ActiveCfg = Debug|Any CPU
		{654D72CC-50FC-46C2-AF1F-16BBC6584BE1}.Debug|Any CPU.Build.0 = Debug|Any CPU
		{654D72CC-50FC-46C2-AF1F-16BBC6584BE1}.Release|Any CPU.ActiveCfg = Release|Any CPU
		{654D72CC-50FC-46C2-AF1F-16BBC6584BE1}.Release|Any CPU.Build.0 = Release|Any CPU
		{550FA560-1021-4724-BC12-3D06E6698290}.Debug|Any CPU.ActiveCfg = Debug|Any CPU
		{550FA560-1021-4724-BC12-3D06E6698290}.Debug|Any CPU.Build.0 = Debug|Any CPU
		{550FA560-1021-4724-BC12-3D06E6698290}.Release|Any CPU.ActiveCfg = Release|Any CPU
		{550FA560-1021-4724-BC12-3D06E6698290}.Release|Any CPU.Build.0 = Release|Any CPU
		{3CBF8A6B-691F-45B4-AA9B-F04BF1F2D020}.Debug|Any CPU.ActiveCfg = Debug|Any CPU
		{3CBF8A6B-691F-45B4-AA9B-F04BF1F2D020}.Debug|Any CPU.Build.0 = Debug|Any CPU
		{3CBF8A6B-691F-45B4-AA9B-F04BF1F2D020}.Release|Any CPU.ActiveCfg = Release|Any CPU
		{3CBF8A6B-691F-45B4-AA9B-F04BF1F2D020}.Release|Any CPU.Build.0 = Release|Any CPU
		{74902409-D9CE-44E5-B6EF-BEC3D4188E0B}.Debug|Any CPU.ActiveCfg = Debug|Any CPU
		{74902409-D9CE-44E5-B6EF-BEC3D4188E0B}.Debug|Any CPU.Build.0 = Debug|Any CPU
		{74902409-D9CE-44E5-B6EF-BEC3D4188E0B}.Release|Any CPU.ActiveCfg = Release|Any CPU
		{74902409-D9CE-44E5-B6EF-BEC3D4188E0B}.Release|Any CPU.Build.0 = Release|Any CPU
		{997C6127-62F0-4119-AAA6-1442C2F249DA}.Debug|Any CPU.ActiveCfg = Debug|Any CPU
		{997C6127-62F0-4119-AAA6-1442C2F249DA}.Debug|Any CPU.Build.0 = Debug|Any CPU
		{997C6127-62F0-4119-AAA6-1442C2F249DA}.Release|Any CPU.ActiveCfg = Release|Any CPU
		{997C6127-62F0-4119-AAA6-1442C2F249DA}.Release|Any CPU.Build.0 = Release|Any CPU
		{C4B7DD80-C6F0-44DE-8606-179256ED460E}.Debug|Any CPU.ActiveCfg = Debug|Any CPU
		{C4B7DD80-C6F0-44DE-8606-179256ED460E}.Debug|Any CPU.Build.0 = Debug|Any CPU
		{C4B7DD80-C6F0-44DE-8606-179256ED460E}.Release|Any CPU.ActiveCfg = Release|Any CPU
		{C4B7DD80-C6F0-44DE-8606-179256ED460E}.Release|Any CPU.Build.0 = Release|Any CPU
		{891D167F-FF61-49C4-94D3-2FD48357AEC3}.Debug|Any CPU.ActiveCfg = Debug|Any CPU
		{891D167F-FF61-49C4-94D3-2FD48357AEC3}.Debug|Any CPU.Build.0 = Debug|Any CPU
		{891D167F-FF61-49C4-94D3-2FD48357AEC3}.Release|Any CPU.ActiveCfg = Release|Any CPU
		{891D167F-FF61-49C4-94D3-2FD48357AEC3}.Release|Any CPU.Build.0 = Release|Any CPU
		{2E56D95C-6934-43F0-A7A9-ADE8E3BBE9CF}.Debug|Any CPU.ActiveCfg = Debug|Any CPU
		{2E56D95C-6934-43F0-A7A9-ADE8E3BBE9CF}.Debug|Any CPU.Build.0 = Debug|Any CPU
		{2E56D95C-6934-43F0-A7A9-ADE8E3BBE9CF}.Release|Any CPU.ActiveCfg = Release|Any CPU
		{2E56D95C-6934-43F0-A7A9-ADE8E3BBE9CF}.Release|Any CPU.Build.0 = Release|Any CPU
	EndGlobalSection
	GlobalSection(SolutionProperties) = preSolution
		HideSolutionNode = FALSE
	EndGlobalSection
	GlobalSection(ExtensibilityGlobals) = postSolution
		SolutionGuid = {655B1746-34EE-4CA0-AC70-118E71BDECD3}
	EndGlobalSection
EndGlobal
