
Microsoft Visual Studio Solution File, Format Version 12.00
# Visual Studio Version 17
VisualStudioVersion = 17.2.32630.192
MinimumVisualStudioVersion = 10.0.40219.1
Project("{9A19103F-16F7-4668-BE54-9A1E7A4F7556}") = "R5T.F0129.Construction", "R5T.F0129.Construction\R5T.F0129.Construction.csproj", "{481CB771-9A92-4E68-B5E1-DDE96EB27A82}"
EndProject
Project("{9A19103F-16F7-4668-BE54-9A1E7A4F7556}") = "R5T.F0129", "R5T.F0129\R5T.F0129.csproj", "{C8E82E91-6239-409E-A675-1890C10A83CB}"
EndProject
Global
	GlobalSection(SolutionConfigurationPlatforms) = preSolution
		Debug|Any CPU = Debug|Any CPU
		Release|Any CPU = Release|Any CPU
	EndGlobalSection
	GlobalSection(ProjectConfigurationPlatforms) = postSolution
		{481CB771-9A92-4E68-B5E1-DDE96EB27A82}.Debug|Any CPU.ActiveCfg = Debug|Any CPU
		{481CB771-9A92-4E68-B5E1-DDE96EB27A82}.Debug|Any CPU.Build.0 = Debug|Any CPU
		{481CB771-9A92-4E68-B5E1-DDE96EB27A82}.Release|Any CPU.ActiveCfg = Release|Any CPU
		{481CB771-9A92-4E68-B5E1-DDE96EB27A82}.Release|Any CPU.Build.0 = Release|Any CPU
		{C8E82E91-6239-409E-A675-1890C10A83CB}.Debug|Any CPU.ActiveCfg = Debug|Any CPU
		{C8E82E91-6239-409E-A675-1890C10A83CB}.Debug|Any CPU.Build.0 = Debug|Any CPU
		{C8E82E91-6239-409E-A675-1890C10A83CB}.Release|Any CPU.ActiveCfg = Release|Any CPU
		{C8E82E91-6239-409E-A675-1890C10A83CB}.Release|Any CPU.Build.0 = Release|Any CPU
	EndGlobalSection
	GlobalSection(SolutionProperties) = preSolution
		HideSolutionNode = FALSE
	EndGlobalSection
	GlobalSection(ExtensibilityGlobals) = postSolution
		SolutionGuid = {15FC4A14-9328-4F05-9CEC-425BBB4A1D2E}
	EndGlobalSection
EndGlobal
