
Microsoft Visual Studio Solution File, Format Version 12.00
# Visual Studio Version 17
VisualStudioVersion = 17.2.32630.192
MinimumVisualStudioVersion = 10.0.40219.1
Project("{9A19103F-16F7-4668-BE54-9A1E7A4F7556}") = "R5T.F0129.Construction", "R5T.F0129.Construction\R5T.F0129.Construction.csproj", "{481CB771-9A92-4E68-B5E1-DDE96EB27A82}"
EndProject
Project("{9A19103F-16F7-4668-BE54-9A1E7A4F7556}") = "R5T.F0129", "R5T.F0129\R5T.F0129.csproj", "{C8E82E91-6239-409E-A675-1890C10A83CB}"
EndProject
Project("{2150E333-8FDC-42A3-9474-1A3956D46DE8}") = "_Dependencies", "_Dependencies", "{9D5B03B5-C327-4309-8AA7-B243546FD57A}"
EndProject
Project("{9A19103F-16F7-4668-BE54-9A1E7A4F7556}") = "R5T.T0132", "..\..\R5T.T0132\source\R5T.T0132\R5T.T0132.csproj", "{60571257-2243-4AB5-AD1C-06413D4AF76D}"
EndProject
Project("{9A19103F-16F7-4668-BE54-9A1E7A4F7556}") = "R5T.T0142", "..\..\R5T.T0142\source\R5T.T0142\R5T.T0142.csproj", "{DC0AE1B6-FEBD-4263-84D2-83298D18DF9E}"
EndProject
Project("{9A19103F-16F7-4668-BE54-9A1E7A4F7556}") = "R5T.T0143", "..\..\R5T.T0143\source\R5T.T0143\R5T.T0143.csproj", "{E4DBDBD3-47B2-4C03-A57D-DC89C1748960}"
EndProject
Project("{9A19103F-16F7-4668-BE54-9A1E7A4F7556}") = "R5T.T0150", "..\..\R5T.T0150\source\R5T.T0150\R5T.T0150.csproj", "{02C08E52-5339-419B-AD4A-9CCF4618E960}"
EndProject
Project("{9A19103F-16F7-4668-BE54-9A1E7A4F7556}") = "R5T.T0151", "..\..\R5T.T0151\source\R5T.T0151\R5T.T0151.csproj", "{A15D5E75-735E-482A-A5D8-BB2F6C50247F}"
EndProject
Project("{9A19103F-16F7-4668-BE54-9A1E7A4F7556}") = "R5T.T0172", "..\..\R5T.T0172\source\R5T.T0172\R5T.T0172.csproj", "{3ED272C2-6929-4E1C-A11E-A691E35AD399}"
EndProject
Project("{9A19103F-16F7-4668-BE54-9A1E7A4F7556}") = "R5T.T0178", "..\..\R5T.T0178\source\R5T.T0178\R5T.T0178.csproj", "{0FB5A931-2606-4E4B-8631-63213D274FE1}"
EndProject
Project("{9A19103F-16F7-4668-BE54-9A1E7A4F7556}") = "R5T.T0179", "..\..\R5T.T0179\source\R5T.T0179\R5T.T0179.csproj", "{D6F1740D-F3FF-4594-99CF-92B7D6D1EE39}"
EndProject
Project("{9A19103F-16F7-4668-BE54-9A1E7A4F7556}") = "R5T.T0180", "..\..\R5T.T0180\source\R5T.T0180\R5T.T0180.csproj", "{7EDCAC6B-30F8-4455-9B68-619826C6A1CD}"
EndProject
Project("{9A19103F-16F7-4668-BE54-9A1E7A4F7556}") = "R5T.T0181", "..\..\R5T.T0181\source\R5T.T0181\R5T.T0181.csproj", "{039D0846-E9D3-4AB4-88D6-5851A912EAE2}"
EndProject
Project("{9A19103F-16F7-4668-BE54-9A1E7A4F7556}") = "R5T.T0185", "..\..\R5T.T0185\source\R5T.T0185\R5T.T0185.csproj", "{CBD86D4B-AB71-45AC-83FE-48ABFCDD16BC}"
EndProject
Project("{9A19103F-16F7-4668-BE54-9A1E7A4F7556}") = "R5T.T0187", "..\..\R5T.T0187\source\R5T.T0187\R5T.T0187.csproj", "{9389C374-B960-447F-875B-511CB70F2B45}"
EndProject
Project("{9A19103F-16F7-4668-BE54-9A1E7A4F7556}") = "R5T.F0000", "..\..\R5T.F0000\source\R5T.F0000\R5T.F0000.csproj", "{7E3A1BB3-07B5-4D7A-B075-BAA332405CA5}"
EndProject
Project("{9A19103F-16F7-4668-BE54-9A1E7A4F7556}") = "R5T.F0002", "..\..\R5T.F0002\source\R5T.F0002\R5T.F0002.csproj", "{FA123A08-5586-401C-AB2E-C9741478C69A}"
EndProject
Project("{9A19103F-16F7-4668-BE54-9A1E7A4F7556}") = "R5T.F0120", "..\..\R5T.F0120\source\R5T.F0120\R5T.F0120.csproj", "{1C620E6C-7C07-4312-BDB5-A4DDB5243EF9}"
EndProject
Project("{9A19103F-16F7-4668-BE54-9A1E7A4F7556}") = "R5T.F0124", "..\..\R5T.F0124\source\R5T.F0124\R5T.F0124.csproj", "{0F1690A8-1EC6-429C-8248-718F040DCA92}"
EndProject
Project("{9A19103F-16F7-4668-BE54-9A1E7A4F7556}") = "R5T.F0125", "..\..\R5T.F0125\source\R5T.F0125\R5T.F0125.csproj", "{4837E877-0C5B-4248-936E-A4E9401DB32A}"
EndProject
Project("{9A19103F-16F7-4668-BE54-9A1E7A4F7556}") = "R5T.L0030.T000", "..\..\R5T.L0030\source\R5T.L0030.T000\R5T.L0030.T000.csproj", "{626C15FA-D3F4-4641-AC2F-2828F5B7C30C}"
EndProject
Project("{9A19103F-16F7-4668-BE54-9A1E7A4F7556}") = "R5T.L0030", "..\..\R5T.L0030\source\R5T.L0030\R5T.L0030.csproj", "{939E4183-6ED7-4C10-B78B-D55D479C57C8}"
EndProject
Project("{9A19103F-16F7-4668-BE54-9A1E7A4F7556}") = "R5T.L0034", "..\..\R5T.L0034\source\R5T.L0034\R5T.L0034.csproj", "{6AE67336-5736-4AC2-ABE9-AAB9AC824815}"
EndProject
Project("{9A19103F-16F7-4668-BE54-9A1E7A4F7556}") = "R5T.L0035", "..\..\R5T.L0035\source\R5T.L0035\R5T.L0035.csproj", "{69BA66D5-6611-407E-8A14-38C641543321}"
EndProject
Project("{9A19103F-16F7-4668-BE54-9A1E7A4F7556}") = "R5T.T0131", "..\..\R5T.T0131\source\R5T.T0131\R5T.T0131.csproj", "{54C20E77-9A36-4C5F-99FF-4DB00D79D4A4}"
EndProject
Project("{9A19103F-16F7-4668-BE54-9A1E7A4F7556}") = "R5T.T0156", "..\..\R5T.T0156\source\R5T.T0156\R5T.T0156.csproj", "{4C049C17-3322-4A5F-9CB1-C494FD3CE684}"
EndProject
Project("{9A19103F-16F7-4668-BE54-9A1E7A4F7556}") = "R5T.T0174", "..\..\R5T.T0174\source\R5T.T0174\R5T.T0174.csproj", "{FD229632-A6EF-4AD3-9422-796C5395CD89}"
EndProject
Project("{9A19103F-16F7-4668-BE54-9A1E7A4F7556}") = "R5T.T0176", "..\..\R5T.T0176\source\R5T.T0176\R5T.T0176.csproj", "{C0A3DA3C-0986-4154-BA47-718982F386CF}"
EndProject
Project("{9A19103F-16F7-4668-BE54-9A1E7A4F7556}") = "R5T.T0177", "..\..\R5T.T0177\source\R5T.T0177\R5T.T0177.csproj", "{EF1E9D69-DD86-43A2-A500-A221B0235354}"
EndProject
Project("{9A19103F-16F7-4668-BE54-9A1E7A4F7556}") = "R5T.Y0000", "..\..\R5T.Y0000\source\R5T.Y0000\R5T.Y0000.csproj", "{8244EE09-B267-4456-BFDF-609688B2934B}"
EndProject
Project("{9A19103F-16F7-4668-BE54-9A1E7A4F7556}") = "R5T.Z0000", "..\..\R5T.Z0000\source\R5T.Z0000\R5T.Z0000.csproj", "{74024089-9A54-4369-A7E8-BF3C185D7697}"
EndProject
Project("{9A19103F-16F7-4668-BE54-9A1E7A4F7556}") = "R5T.F0130", "..\..\R5T.F0130\source\R5T.F0130\R5T.F0130.csproj", "{9EA1DED3-DA95-4DF0-8D28-176D94F051B5}"
EndProject
Project("{9A19103F-16F7-4668-BE54-9A1E7A4F7556}") = "R5T.Z0044.Z001", "..\..\R5T.Z0044\source\R5T.Z0044.Z001\R5T.Z0044.Z001.csproj", "{E7121AF4-97D0-4555-B38C-61822DD017D8}"
EndProject
Global
	GlobalSection(NestedProjects) = preSolution
		{60571257-2243-4AB5-AD1C-06413D4AF76D} = {9D5B03B5-C327-4309-8AA7-B243546FD57A}
		{DC0AE1B6-FEBD-4263-84D2-83298D18DF9E} = {9D5B03B5-C327-4309-8AA7-B243546FD57A}
		{E4DBDBD3-47B2-4C03-A57D-DC89C1748960} = {9D5B03B5-C327-4309-8AA7-B243546FD57A}
		{02C08E52-5339-419B-AD4A-9CCF4618E960} = {9D5B03B5-C327-4309-8AA7-B243546FD57A}
		{A15D5E75-735E-482A-A5D8-BB2F6C50247F} = {9D5B03B5-C327-4309-8AA7-B243546FD57A}
		{3ED272C2-6929-4E1C-A11E-A691E35AD399} = {9D5B03B5-C327-4309-8AA7-B243546FD57A}
		{0FB5A931-2606-4E4B-8631-63213D274FE1} = {9D5B03B5-C327-4309-8AA7-B243546FD57A}
		{D6F1740D-F3FF-4594-99CF-92B7D6D1EE39} = {9D5B03B5-C327-4309-8AA7-B243546FD57A}
		{7EDCAC6B-30F8-4455-9B68-619826C6A1CD} = {9D5B03B5-C327-4309-8AA7-B243546FD57A}
		{039D0846-E9D3-4AB4-88D6-5851A912EAE2} = {9D5B03B5-C327-4309-8AA7-B243546FD57A}
		{CBD86D4B-AB71-45AC-83FE-48ABFCDD16BC} = {9D5B03B5-C327-4309-8AA7-B243546FD57A}
		{9389C374-B960-447F-875B-511CB70F2B45} = {9D5B03B5-C327-4309-8AA7-B243546FD57A}
		{7E3A1BB3-07B5-4D7A-B075-BAA332405CA5} = {9D5B03B5-C327-4309-8AA7-B243546FD57A}
		{FA123A08-5586-401C-AB2E-C9741478C69A} = {9D5B03B5-C327-4309-8AA7-B243546FD57A}
		{1C620E6C-7C07-4312-BDB5-A4DDB5243EF9} = {9D5B03B5-C327-4309-8AA7-B243546FD57A}
		{0F1690A8-1EC6-429C-8248-718F040DCA92} = {9D5B03B5-C327-4309-8AA7-B243546FD57A}
		{4837E877-0C5B-4248-936E-A4E9401DB32A} = {9D5B03B5-C327-4309-8AA7-B243546FD57A}
		{626C15FA-D3F4-4641-AC2F-2828F5B7C30C} = {9D5B03B5-C327-4309-8AA7-B243546FD57A}
		{939E4183-6ED7-4C10-B78B-D55D479C57C8} = {9D5B03B5-C327-4309-8AA7-B243546FD57A}
		{6AE67336-5736-4AC2-ABE9-AAB9AC824815} = {9D5B03B5-C327-4309-8AA7-B243546FD57A}
		{69BA66D5-6611-407E-8A14-38C641543321} = {9D5B03B5-C327-4309-8AA7-B243546FD57A}
		{54C20E77-9A36-4C5F-99FF-4DB00D79D4A4} = {9D5B03B5-C327-4309-8AA7-B243546FD57A}
		{4C049C17-3322-4A5F-9CB1-C494FD3CE684} = {9D5B03B5-C327-4309-8AA7-B243546FD57A}
		{FD229632-A6EF-4AD3-9422-796C5395CD89} = {9D5B03B5-C327-4309-8AA7-B243546FD57A}
		{C0A3DA3C-0986-4154-BA47-718982F386CF} = {9D5B03B5-C327-4309-8AA7-B243546FD57A}
		{EF1E9D69-DD86-43A2-A500-A221B0235354} = {9D5B03B5-C327-4309-8AA7-B243546FD57A}
		{8244EE09-B267-4456-BFDF-609688B2934B} = {9D5B03B5-C327-4309-8AA7-B243546FD57A}
		{74024089-9A54-4369-A7E8-BF3C185D7697} = {9D5B03B5-C327-4309-8AA7-B243546FD57A}
		{9EA1DED3-DA95-4DF0-8D28-176D94F051B5} = {9D5B03B5-C327-4309-8AA7-B243546FD57A}
		{E7121AF4-97D0-4555-B38C-61822DD017D8} = {9D5B03B5-C327-4309-8AA7-B243546FD57A}
	EndGlobalSection
	GlobalSection(SolutionConfigurationPlatforms) = preSolution
		Debug|Any CPU = Debug|Any CPU
		Release|Any CPU = Release|Any CPU
	EndGlobalSection
	GlobalSection(ProjectConfigurationPlatforms) = postSolution
		{481CB771-9A92-4E68-B5E1-DDE96EB27A82}.Debug|Any CPU.ActiveCfg = Debug|Any CPU
		{481CB771-9A92-4E68-B5E1-DDE96EB27A82}.Debug|Any CPU.Build.0 = Debug|Any CPU
		{481CB771-9A92-4E68-B5E1-DDE96EB27A82}.Release|Any CPU.ActiveCfg = Release|Any CPU
		{481CB771-9A92-4E68-B5E1-DDE96EB27A82}.Release|Any CPU.Build.0 = Release|Any CPU
		{C8E82E91-6239-409E-A675-1890C10A83CB}.Debug|Any CPU.ActiveCfg = Debug|Any CPU
		{C8E82E91-6239-409E-A675-1890C10A83CB}.Debug|Any CPU.Build.0 = Debug|Any CPU
		{C8E82E91-6239-409E-A675-1890C10A83CB}.Release|Any CPU.ActiveCfg = Release|Any CPU
		{C8E82E91-6239-409E-A675-1890C10A83CB}.Release|Any CPU.Build.0 = Release|Any CPU
		{60571257-2243-4AB5-AD1C-06413D4AF76D}.Debug|Any CPU.ActiveCfg = Debug|Any CPU
		{60571257-2243-4AB5-AD1C-06413D4AF76D}.Debug|Any CPU.Build.0 = Debug|Any CPU
		{60571257-2243-4AB5-AD1C-06413D4AF76D}.Release|Any CPU.ActiveCfg = Release|Any CPU
		{60571257-2243-4AB5-AD1C-06413D4AF76D}.Release|Any CPU.Build.0 = Release|Any CPU
		{DC0AE1B6-FEBD-4263-84D2-83298D18DF9E}.Debug|Any CPU.ActiveCfg = Debug|Any CPU
		{DC0AE1B6-FEBD-4263-84D2-83298D18DF9E}.Debug|Any CPU.Build.0 = Debug|Any CPU
		{DC0AE1B6-FEBD-4263-84D2-83298D18DF9E}.Release|Any CPU.ActiveCfg = Release|Any CPU
		{DC0AE1B6-FEBD-4263-84D2-83298D18DF9E}.Release|Any CPU.Build.0 = Release|Any CPU
		{E4DBDBD3-47B2-4C03-A57D-DC89C1748960}.Debug|Any CPU.ActiveCfg = Debug|Any CPU
		{E4DBDBD3-47B2-4C03-A57D-DC89C1748960}.Debug|Any CPU.Build.0 = Debug|Any CPU
		{E4DBDBD3-47B2-4C03-A57D-DC89C1748960}.Release|Any CPU.ActiveCfg = Release|Any CPU
		{E4DBDBD3-47B2-4C03-A57D-DC89C1748960}.Release|Any CPU.Build.0 = Release|Any CPU
		{02C08E52-5339-419B-AD4A-9CCF4618E960}.Debug|Any CPU.ActiveCfg = Debug|Any CPU
		{02C08E52-5339-419B-AD4A-9CCF4618E960}.Debug|Any CPU.Build.0 = Debug|Any CPU
		{02C08E52-5339-419B-AD4A-9CCF4618E960}.Release|Any CPU.ActiveCfg = Release|Any CPU
		{02C08E52-5339-419B-AD4A-9CCF4618E960}.Release|Any CPU.Build.0 = Release|Any CPU
		{A15D5E75-735E-482A-A5D8-BB2F6C50247F}.Debug|Any CPU.ActiveCfg = Debug|Any CPU
		{A15D5E75-735E-482A-A5D8-BB2F6C50247F}.Debug|Any CPU.Build.0 = Debug|Any CPU
		{A15D5E75-735E-482A-A5D8-BB2F6C50247F}.Release|Any CPU.ActiveCfg = Release|Any CPU
		{A15D5E75-735E-482A-A5D8-BB2F6C50247F}.Release|Any CPU.Build.0 = Release|Any CPU
		{3ED272C2-6929-4E1C-A11E-A691E35AD399}.Debug|Any CPU.ActiveCfg = Debug|Any CPU
		{3ED272C2-6929-4E1C-A11E-A691E35AD399}.Debug|Any CPU.Build.0 = Debug|Any CPU
		{3ED272C2-6929-4E1C-A11E-A691E35AD399}.Release|Any CPU.ActiveCfg = Release|Any CPU
		{3ED272C2-6929-4E1C-A11E-A691E35AD399}.Release|Any CPU.Build.0 = Release|Any CPU
		{0FB5A931-2606-4E4B-8631-63213D274FE1}.Debug|Any CPU.ActiveCfg = Debug|Any CPU
		{0FB5A931-2606-4E4B-8631-63213D274FE1}.Debug|Any CPU.Build.0 = Debug|Any CPU
		{0FB5A931-2606-4E4B-8631-63213D274FE1}.Release|Any CPU.ActiveCfg = Release|Any CPU
		{0FB5A931-2606-4E4B-8631-63213D274FE1}.Release|Any CPU.Build.0 = Release|Any CPU
		{D6F1740D-F3FF-4594-99CF-92B7D6D1EE39}.Debug|Any CPU.ActiveCfg = Debug|Any CPU
		{D6F1740D-F3FF-4594-99CF-92B7D6D1EE39}.Debug|Any CPU.Build.0 = Debug|Any CPU
		{D6F1740D-F3FF-4594-99CF-92B7D6D1EE39}.Release|Any CPU.ActiveCfg = Release|Any CPU
		{D6F1740D-F3FF-4594-99CF-92B7D6D1EE39}.Release|Any CPU.Build.0 = Release|Any CPU
		{7EDCAC6B-30F8-4455-9B68-619826C6A1CD}.Debug|Any CPU.ActiveCfg = Debug|Any CPU
		{7EDCAC6B-30F8-4455-9B68-619826C6A1CD}.Debug|Any CPU.Build.0 = Debug|Any CPU
		{7EDCAC6B-30F8-4455-9B68-619826C6A1CD}.Release|Any CPU.ActiveCfg = Release|Any CPU
		{7EDCAC6B-30F8-4455-9B68-619826C6A1CD}.Release|Any CPU.Build.0 = Release|Any CPU
		{039D0846-E9D3-4AB4-88D6-5851A912EAE2}.Debug|Any CPU.ActiveCfg = Debug|Any CPU
		{039D0846-E9D3-4AB4-88D6-5851A912EAE2}.Debug|Any CPU.Build.0 = Debug|Any CPU
		{039D0846-E9D3-4AB4-88D6-5851A912EAE2}.Release|Any CPU.ActiveCfg = Release|Any CPU
		{039D0846-E9D3-4AB4-88D6-5851A912EAE2}.Release|Any CPU.Build.0 = Release|Any CPU
		{CBD86D4B-AB71-45AC-83FE-48ABFCDD16BC}.Debug|Any CPU.ActiveCfg = Debug|Any CPU
		{CBD86D4B-AB71-45AC-83FE-48ABFCDD16BC}.Debug|Any CPU.Build.0 = Debug|Any CPU
		{CBD86D4B-AB71-45AC-83FE-48ABFCDD16BC}.Release|Any CPU.ActiveCfg = Release|Any CPU
		{CBD86D4B-AB71-45AC-83FE-48ABFCDD16BC}.Release|Any CPU.Build.0 = Release|Any CPU
		{9389C374-B960-447F-875B-511CB70F2B45}.Debug|Any CPU.ActiveCfg = Debug|Any CPU
		{9389C374-B960-447F-875B-511CB70F2B45}.Debug|Any CPU.Build.0 = Debug|Any CPU
		{9389C374-B960-447F-875B-511CB70F2B45}.Release|Any CPU.ActiveCfg = Release|Any CPU
		{9389C374-B960-447F-875B-511CB70F2B45}.Release|Any CPU.Build.0 = Release|Any CPU
		{7E3A1BB3-07B5-4D7A-B075-BAA332405CA5}.Debug|Any CPU.ActiveCfg = Debug|Any CPU
		{7E3A1BB3-07B5-4D7A-B075-BAA332405CA5}.Debug|Any CPU.Build.0 = Debug|Any CPU
		{7E3A1BB3-07B5-4D7A-B075-BAA332405CA5}.Release|Any CPU.ActiveCfg = Release|Any CPU
		{7E3A1BB3-07B5-4D7A-B075-BAA332405CA5}.Release|Any CPU.Build.0 = Release|Any CPU
		{FA123A08-5586-401C-AB2E-C9741478C69A}.Debug|Any CPU.ActiveCfg = Debug|Any CPU
		{FA123A08-5586-401C-AB2E-C9741478C69A}.Debug|Any CPU.Build.0 = Debug|Any CPU
		{FA123A08-5586-401C-AB2E-C9741478C69A}.Release|Any CPU.ActiveCfg = Release|Any CPU
		{FA123A08-5586-401C-AB2E-C9741478C69A}.Release|Any CPU.Build.0 = Release|Any CPU
		{1C620E6C-7C07-4312-BDB5-A4DDB5243EF9}.Debug|Any CPU.ActiveCfg = Debug|Any CPU
		{1C620E6C-7C07-4312-BDB5-A4DDB5243EF9}.Debug|Any CPU.Build.0 = Debug|Any CPU
		{1C620E6C-7C07-4312-BDB5-A4DDB5243EF9}.Release|Any CPU.ActiveCfg = Release|Any CPU
		{1C620E6C-7C07-4312-BDB5-A4DDB5243EF9}.Release|Any CPU.Build.0 = Release|Any CPU
		{0F1690A8-1EC6-429C-8248-718F040DCA92}.Debug|Any CPU.ActiveCfg = Debug|Any CPU
		{0F1690A8-1EC6-429C-8248-718F040DCA92}.Debug|Any CPU.Build.0 = Debug|Any CPU
		{0F1690A8-1EC6-429C-8248-718F040DCA92}.Release|Any CPU.ActiveCfg = Release|Any CPU
		{0F1690A8-1EC6-429C-8248-718F040DCA92}.Release|Any CPU.Build.0 = Release|Any CPU
		{4837E877-0C5B-4248-936E-A4E9401DB32A}.Debug|Any CPU.ActiveCfg = Debug|Any CPU
		{4837E877-0C5B-4248-936E-A4E9401DB32A}.Debug|Any CPU.Build.0 = Debug|Any CPU
		{4837E877-0C5B-4248-936E-A4E9401DB32A}.Release|Any CPU.ActiveCfg = Release|Any CPU
		{4837E877-0C5B-4248-936E-A4E9401DB32A}.Release|Any CPU.Build.0 = Release|Any CPU
		{626C15FA-D3F4-4641-AC2F-2828F5B7C30C}.Debug|Any CPU.ActiveCfg = Debug|Any CPU
		{626C15FA-D3F4-4641-AC2F-2828F5B7C30C}.Debug|Any CPU.Build.0 = Debug|Any CPU
		{626C15FA-D3F4-4641-AC2F-2828F5B7C30C}.Release|Any CPU.ActiveCfg = Release|Any CPU
		{626C15FA-D3F4-4641-AC2F-2828F5B7C30C}.Release|Any CPU.Build.0 = Release|Any CPU
		{939E4183-6ED7-4C10-B78B-D55D479C57C8}.Debug|Any CPU.ActiveCfg = Debug|Any CPU
		{939E4183-6ED7-4C10-B78B-D55D479C57C8}.Debug|Any CPU.Build.0 = Debug|Any CPU
		{939E4183-6ED7-4C10-B78B-D55D479C57C8}.Release|Any CPU.ActiveCfg = Release|Any CPU
		{939E4183-6ED7-4C10-B78B-D55D479C57C8}.Release|Any CPU.Build.0 = Release|Any CPU
		{6AE67336-5736-4AC2-ABE9-AAB9AC824815}.Debug|Any CPU.ActiveCfg = Debug|Any CPU
		{6AE67336-5736-4AC2-ABE9-AAB9AC824815}.Debug|Any CPU.Build.0 = Debug|Any CPU
		{6AE67336-5736-4AC2-ABE9-AAB9AC824815}.Release|Any CPU.ActiveCfg = Release|Any CPU
		{6AE67336-5736-4AC2-ABE9-AAB9AC824815}.Release|Any CPU.Build.0 = Release|Any CPU
		{69BA66D5-6611-407E-8A14-38C641543321}.Debug|Any CPU.ActiveCfg = Debug|Any CPU
		{69BA66D5-6611-407E-8A14-38C641543321}.Debug|Any CPU.Build.0 = Debug|Any CPU
		{69BA66D5-6611-407E-8A14-38C641543321}.Release|Any CPU.ActiveCfg = Release|Any CPU
		{69BA66D5-6611-407E-8A14-38C641543321}.Release|Any CPU.Build.0 = Release|Any CPU
		{54C20E77-9A36-4C5F-99FF-4DB00D79D4A4}.Debug|Any CPU.ActiveCfg = Debug|Any CPU
		{54C20E77-9A36-4C5F-99FF-4DB00D79D4A4}.Debug|Any CPU.Build.0 = Debug|Any CPU
		{54C20E77-9A36-4C5F-99FF-4DB00D79D4A4}.Release|Any CPU.ActiveCfg = Release|Any CPU
		{54C20E77-9A36-4C5F-99FF-4DB00D79D4A4}.Release|Any CPU.Build.0 = Release|Any CPU
		{4C049C17-3322-4A5F-9CB1-C494FD3CE684}.Debug|Any CPU.ActiveCfg = Debug|Any CPU
		{4C049C17-3322-4A5F-9CB1-C494FD3CE684}.Debug|Any CPU.Build.0 = Debug|Any CPU
		{4C049C17-3322-4A5F-9CB1-C494FD3CE684}.Release|Any CPU.ActiveCfg = Release|Any CPU
		{4C049C17-3322-4A5F-9CB1-C494FD3CE684}.Release|Any CPU.Build.0 = Release|Any CPU
		{FD229632-A6EF-4AD3-9422-796C5395CD89}.Debug|Any CPU.ActiveCfg = Debug|Any CPU
		{FD229632-A6EF-4AD3-9422-796C5395CD89}.Debug|Any CPU.Build.0 = Debug|Any CPU
		{FD229632-A6EF-4AD3-9422-796C5395CD89}.Release|Any CPU.ActiveCfg = Release|Any CPU
		{FD229632-A6EF-4AD3-9422-796C5395CD89}.Release|Any CPU.Build.0 = Release|Any CPU
		{C0A3DA3C-0986-4154-BA47-718982F386CF}.Debug|Any CPU.ActiveCfg = Debug|Any CPU
		{C0A3DA3C-0986-4154-BA47-718982F386CF}.Debug|Any CPU.Build.0 = Debug|Any CPU
		{C0A3DA3C-0986-4154-BA47-718982F386CF}.Release|Any CPU.ActiveCfg = Release|Any CPU
		{C0A3DA3C-0986-4154-BA47-718982F386CF}.Release|Any CPU.Build.0 = Release|Any CPU
		{EF1E9D69-DD86-43A2-A500-A221B0235354}.Debug|Any CPU.ActiveCfg = Debug|Any CPU
		{EF1E9D69-DD86-43A2-A500-A221B0235354}.Debug|Any CPU.Build.0 = Debug|Any CPU
		{EF1E9D69-DD86-43A2-A500-A221B0235354}.Release|Any CPU.ActiveCfg = Release|Any CPU
		{EF1E9D69-DD86-43A2-A500-A221B0235354}.Release|Any CPU.Build.0 = Release|Any CPU
		{8244EE09-B267-4456-BFDF-609688B2934B}.Debug|Any CPU.ActiveCfg = Debug|Any CPU
		{8244EE09-B267-4456-BFDF-609688B2934B}.Debug|Any CPU.Build.0 = Debug|Any CPU
		{8244EE09-B267-4456-BFDF-609688B2934B}.Release|Any CPU.ActiveCfg = Release|Any CPU
		{8244EE09-B267-4456-BFDF-609688B2934B}.Release|Any CPU.Build.0 = Release|Any CPU
		{74024089-9A54-4369-A7E8-BF3C185D7697}.Debug|Any CPU.ActiveCfg = Debug|Any CPU
		{74024089-9A54-4369-A7E8-BF3C185D7697}.Debug|Any CPU.Build.0 = Debug|Any CPU
		{74024089-9A54-4369-A7E8-BF3C185D7697}.Release|Any CPU.ActiveCfg = Release|Any CPU
		{74024089-9A54-4369-A7E8-BF3C185D7697}.Release|Any CPU.Build.0 = Release|Any CPU
		{9EA1DED3-DA95-4DF0-8D28-176D94F051B5}.Debug|Any CPU.ActiveCfg = Debug|Any CPU
		{9EA1DED3-DA95-4DF0-8D28-176D94F051B5}.Debug|Any CPU.Build.0 = Debug|Any CPU
		{9EA1DED3-DA95-4DF0-8D28-176D94F051B5}.Release|Any CPU.ActiveCfg = Release|Any CPU
		{9EA1DED3-DA95-4DF0-8D28-176D94F051B5}.Release|Any CPU.Build.0 = Release|Any CPU
		{E7121AF4-97D0-4555-B38C-61822DD017D8}.Debug|Any CPU.ActiveCfg = Debug|Any CPU
		{E7121AF4-97D0-4555-B38C-61822DD017D8}.Debug|Any CPU.Build.0 = Debug|Any CPU
		{E7121AF4-97D0-4555-B38C-61822DD017D8}.Release|Any CPU.ActiveCfg = Release|Any CPU
		{E7121AF4-97D0-4555-B38C-61822DD017D8}.Release|Any CPU.Build.0 = Release|Any CPU
	EndGlobalSection
	GlobalSection(SolutionProperties) = preSolution
		HideSolutionNode = FALSE
	EndGlobalSection
	GlobalSection(ExtensibilityGlobals) = postSolution
		SolutionGuid = {15FC4A14-9328-4F05-9CEC-425BBB4A1D2E}
	EndGlobalSection
EndGlobal
